
Microsoft Visual Studio Solution File, Format Version 12.00
# Visual Studio Version 17
VisualStudioVersion = 17.3.32901.215
MinimumVisualStudioVersion = 10.0.40219.1
Project("{FAE04EC0-301F-11D3-BF4B-00C04F79EFBC}") = "Snack1", "Snack1\Snack1.csproj", "{F73CDD4B-B32E-45DD-84B8-2A0EB092E770}"
EndProject
Project("{FAE04EC0-301F-11D3-BF4B-00C04F79EFBC}") = "Snack2", "Snack2\Snack2.csproj", "{26FE0792-7EAE-4F13-A05A-367C71E192F6}"
EndProject
Project("{FAE04EC0-301F-11D3-BF4B-00C04F79EFBC}") = "Snack3", "Snack3\Snack3.csproj", "{78B6487C-1C54-4B29-831B-37C0E3E2DAF1}"
EndProject
Project("{FAE04EC0-301F-11D3-BF4B-00C04F79EFBC}") = "Snack4", "Snack4\Snack4.csproj", "{E76D6AF5-9BB5-4AB9-8013-AD80EF603E60}"
EndProject
Project("{FAE04EC0-301F-11D3-BF4B-00C04F79EFBC}") = "Snack5", "Snack5\Snack5.csproj", "{A05C9A5F-088C-4FCE-8399-902D03768E36}"
EndProject
Project("{FAE04EC0-301F-11D3-BF4B-00C04F79EFBC}") = "Snack6", "Snack6\Snack6.csproj", "{EE311CF6-D055-4D4E-A1DB-F4451732A145}"
EndProject
Project("{FAE04EC0-301F-11D3-BF4B-00C04F79EFBC}") = "Snack7", "Snack7\Snack7.csproj", "{766159FA-4686-4155-A2DD-1A0796FBFC6F}"
EndProject
Project("{FAE04EC0-301F-11D3-BF4B-00C04F79EFBC}") = "Snack8", "Snack8\Snack8.csproj", "{D9AB6600-6A34-4072-BC59-23DE31032841}"
EndProject
Project("{FAE04EC0-301F-11D3-BF4B-00C04F79EFBC}") = "Snack9", "Snack9\Snack9.csproj", "{298245AA-08F7-40A1-90A2-8191D18B2A5C}"
EndProject
Project("{FAE04EC0-301F-11D3-BF4B-00C04F79EFBC}") = "Snack10", "Snack10\Snack10.csproj", "{3B72441A-9132-48F2-B108-E5D16ED8F20F}"
EndProject
Global
	GlobalSection(SolutionConfigurationPlatforms) = preSolution
		Debug|Any CPU = Debug|Any CPU
		Release|Any CPU = Release|Any CPU
	EndGlobalSection
	GlobalSection(ProjectConfigurationPlatforms) = postSolution
		{F73CDD4B-B32E-45DD-84B8-2A0EB092E770}.Debug|Any CPU.ActiveCfg = Debug|Any CPU
		{F73CDD4B-B32E-45DD-84B8-2A0EB092E770}.Debug|Any CPU.Build.0 = Debug|Any CPU
		{F73CDD4B-B32E-45DD-84B8-2A0EB092E770}.Release|Any CPU.ActiveCfg = Release|Any CPU
		{F73CDD4B-B32E-45DD-84B8-2A0EB092E770}.Release|Any CPU.Build.0 = Release|Any CPU
		{26FE0792-7EAE-4F13-A05A-367C71E192F6}.Debug|Any CPU.ActiveCfg = Debug|Any CPU
		{26FE0792-7EAE-4F13-A05A-367C71E192F6}.Debug|Any CPU.Build.0 = Debug|Any CPU
		{26FE0792-7EAE-4F13-A05A-367C71E192F6}.Release|Any CPU.ActiveCfg = Release|Any CPU
		{26FE0792-7EAE-4F13-A05A-367C71E192F6}.Release|Any CPU.Build.0 = Release|Any CPU
		{78B6487C-1C54-4B29-831B-37C0E3E2DAF1}.Debug|Any CPU.ActiveCfg = Debug|Any CPU
		{78B6487C-1C54-4B29-831B-37C0E3E2DAF1}.Debug|Any CPU.Build.0 = Debug|Any CPU
		{78B6487C-1C54-4B29-831B-37C0E3E2DAF1}.Release|Any CPU.ActiveCfg = Release|Any CPU
		{78B6487C-1C54-4B29-831B-37C0E3E2DAF1}.Release|Any CPU.Build.0 = Release|Any CPU
		{E76D6AF5-9BB5-4AB9-8013-AD80EF603E60}.Debug|Any CPU.ActiveCfg = Debug|Any CPU
		{E76D6AF5-9BB5-4AB9-8013-AD80EF603E60}.Debug|Any CPU.Build.0 = Debug|Any CPU
		{E76D6AF5-9BB5-4AB9-8013-AD80EF603E60}.Release|Any CPU.ActiveCfg = Release|Any CPU
		{E76D6AF5-9BB5-4AB9-8013-AD80EF603E60}.Release|Any CPU.Build.0 = Release|Any CPU
		{A05C9A5F-088C-4FCE-8399-902D03768E36}.Debug|Any CPU.ActiveCfg = Debug|Any CPU
		{A05C9A5F-088C-4FCE-8399-902D03768E36}.Debug|Any CPU.Build.0 = Debug|Any CPU
		{A05C9A5F-088C-4FCE-8399-902D03768E36}.Release|Any CPU.ActiveCfg = Release|Any CPU
		{A05C9A5F-088C-4FCE-8399-902D03768E36}.Release|Any CPU.Build.0 = Release|Any CPU
		{EE311CF6-D055-4D4E-A1DB-F4451732A145}.Debug|Any CPU.ActiveCfg = Debug|Any CPU
		{EE311CF6-D055-4D4E-A1DB-F4451732A145}.Debug|Any CPU.Build.0 = Debug|Any CPU
		{EE311CF6-D055-4D4E-A1DB-F4451732A145}.Release|Any CPU.ActiveCfg = Release|Any CPU
		{EE311CF6-D055-4D4E-A1DB-F4451732A145}.Release|Any CPU.Build.0 = Release|Any CPU
		{766159FA-4686-4155-A2DD-1A0796FBFC6F}.Debug|Any CPU.ActiveCfg = Debug|Any CPU
		{766159FA-4686-4155-A2DD-1A0796FBFC6F}.Debug|Any CPU.Build.0 = Debug|Any CPU
		{766159FA-4686-4155-A2DD-1A0796FBFC6F}.Release|Any CPU.ActiveCfg = Release|Any CPU
		{766159FA-4686-4155-A2DD-1A0796FBFC6F}.Release|Any CPU.Build.0 = Release|Any CPU
		{D9AB6600-6A34-4072-BC59-23DE31032841}.Debug|Any CPU.ActiveCfg = Debug|Any CPU
		{D9AB6600-6A34-4072-BC59-23DE31032841}.Debug|Any CPU.Build.0 = Debug|Any CPU
		{D9AB6600-6A34-4072-BC59-23DE31032841}.Release|Any CPU.ActiveCfg = Release|Any CPU
		{D9AB6600-6A34-4072-BC59-23DE31032841}.Release|Any CPU.Build.0 = Release|Any CPU
		{298245AA-08F7-40A1-90A2-8191D18B2A5C}.Debug|Any CPU.ActiveCfg = Debug|Any CPU
		{298245AA-08F7-40A1-90A2-8191D18B2A5C}.Debug|Any CPU.Build.0 = Debug|Any CPU
		{298245AA-08F7-40A1-90A2-8191D18B2A5C}.Release|Any CPU.ActiveCfg = Release|Any CPU
		{298245AA-08F7-40A1-90A2-8191D18B2A5C}.Release|Any CPU.Build.0 = Release|Any CPU
		{3B72441A-9132-48F2-B108-E5D16ED8F20F}.Debug|Any CPU.ActiveCfg = Debug|Any CPU
		{3B72441A-9132-48F2-B108-E5D16ED8F20F}.Debug|Any CPU.Build.0 = Debug|Any CPU
		{3B72441A-9132-48F2-B108-E5D16ED8F20F}.Release|Any CPU.ActiveCfg = Release|Any CPU
		{3B72441A-9132-48F2-B108-E5D16ED8F20F}.Release|Any CPU.Build.0 = Release|Any CPU
	EndGlobalSection
	GlobalSection(SolutionProperties) = preSolution
		HideSolutionNode = FALSE
	EndGlobalSection
	GlobalSection(ExtensibilityGlobals) = postSolution
		SolutionGuid = {6CAB2CBB-B1BE-4C94-9F2B-D12271F1EB6F}
	EndGlobalSection
EndGlobal
